
Microsoft Visual Studio Solution File, Format Version 12.00
# Visual Studio 14
VisualStudioVersion = 14.0.25420.1
MinimumVisualStudioVersion = 10.0.40219.1
Project("{8BC9CEB8-8B4A-11D0-8D11-00A0C91BC942}") = "comms", "comms\comms.vcxproj", "{C5F80730-F44F-4478-BDAE-6634EFC2CA88}"
EndProject
Project("{8BC9CEB8-8B4A-11D0-8D11-00A0C91BC942}") = "engineer-lower", "engineer-lower\engineer-lower.vcxproj", "{034FC2E5-180A-416E-87CF-003471F6A784}"
EndProject
Project("{8BC9CEB8-8B4A-11D0-8D11-00A0C91BC942}") = "engineer-upper", "engineer-upper\engineer-upper.vcxproj", "{EA67ABA8-0BCA-46FF-BB6C-B49BCE810175}"
EndProject
Project("{8BC9CEB8-8B4A-11D0-8D11-00A0C91BC942}") = "lighting", "lighting\lighting.vcxproj", "{4C8914DA-F95C-445B-BCA7-BCF441CD6DD8}"
EndProject
Project("{8BC9CEB8-8B4A-11D0-8D11-00A0C91BC942}") = "pilot", "pilot\pilot.vcxproj", "{E3665D09-6ED1-4F9B-BA6E-45D0263E7F2F}"
EndProject
Project("{8BC9CEB8-8B4A-11D0-8D11-00A0C91BC942}") = "tactical", "tactical\tactical.vcxproj", "{76B425C2-61A8-4253-9C1D-DAE0354D843A}"
EndProject
Global
	GlobalSection(SolutionConfigurationPlatforms) = preSolution
		Debug|x86 = Debug|x86
		Release|x86 = Release|x86
	EndGlobalSection
	GlobalSection(ProjectConfigurationPlatforms) = postSolution
		{C5F80730-F44F-4478-BDAE-6634EFC2CA88}.Debug|x86.ActiveCfg = Debug|Win32
		{C5F80730-F44F-4478-BDAE-6634EFC2CA88}.Debug|x86.Build.0 = Debug|Win32
		{C5F80730-F44F-4478-BDAE-6634EFC2CA88}.Release|x86.ActiveCfg = Release|Win32
		{C5F80730-F44F-4478-BDAE-6634EFC2CA88}.Release|x86.Build.0 = Release|Win32
		{034FC2E5-180A-416E-87CF-003471F6A784}.Debug|x86.ActiveCfg = Debug|Win32
		{034FC2E5-180A-416E-87CF-003471F6A784}.Debug|x86.Build.0 = Debug|Win32
		{034FC2E5-180A-416E-87CF-003471F6A784}.Release|x86.ActiveCfg = Release|Win32
		{034FC2E5-180A-416E-87CF-003471F6A784}.Release|x86.Build.0 = Release|Win32
		{EA67ABA8-0BCA-46FF-BB6C-B49BCE810175}.Debug|x86.ActiveCfg = Debug|Win32
		{EA67ABA8-0BCA-46FF-BB6C-B49BCE810175}.Debug|x86.Build.0 = Debug|Win32
		{EA67ABA8-0BCA-46FF-BB6C-B49BCE810175}.Release|x86.ActiveCfg = Release|Win32
		{EA67ABA8-0BCA-46FF-BB6C-B49BCE810175}.Release|x86.Build.0 = Release|Win32
		{4C8914DA-F95C-445B-BCA7-BCF441CD6DD8}.Debug|x86.ActiveCfg = Debug|Win32
		{4C8914DA-F95C-445B-BCA7-BCF441CD6DD8}.Debug|x86.Build.0 = Debug|Win32
		{4C8914DA-F95C-445B-BCA7-BCF441CD6DD8}.Release|x86.ActiveCfg = Release|Win32
		{4C8914DA-F95C-445B-BCA7-BCF441CD6DD8}.Release|x86.Build.0 = Release|Win32
		{E3665D09-6ED1-4F9B-BA6E-45D0263E7F2F}.Debug|x86.ActiveCfg = Debug|Win32
		{E3665D09-6ED1-4F9B-BA6E-45D0263E7F2F}.Debug|x86.Build.0 = Debug|Win32
		{E3665D09-6ED1-4F9B-BA6E-45D0263E7F2F}.Release|x86.ActiveCfg = Release|Win32
		{E3665D09-6ED1-4F9B-BA6E-45D0263E7F2F}.Release|x86.Build.0 = Release|Win32
		{76B425C2-61A8-4253-9C1D-DAE0354D843A}.Debug|x86.ActiveCfg = Debug|Win32
		{76B425C2-61A8-4253-9C1D-DAE0354D843A}.Debug|x86.Build.0 = Debug|Win32
		{76B425C2-61A8-4253-9C1D-DAE0354D843A}.Release|x86.ActiveCfg = Release|Win32
		{76B425C2-61A8-4253-9C1D-DAE0354D843A}.Release|x86.Build.0 = Release|Win32
	EndGlobalSection
	GlobalSection(SolutionProperties) = preSolution
		HideSolutionNode = FALSE
	EndGlobalSection
EndGlobal
